
Microsoft Visual Studio Solution File, Format Version 12.00
# Visual Studio Version 17
VisualStudioVersion = 17.14.37411.7 d17.14
MinimumVisualStudioVersion = 10.0.40219.1
Project("{FAE04EC0-301F-11D3-BF4B-00C04F79EFBC}") = "SecurityControlEvidenceTracker", "SecurityControlEvidenceTracker\SecurityControlEvidenceTracker.csproj", "{D8D64E48-4D05-4CAE-A963-DC1CF71AA741}"
EndProject
Global
	GlobalSection(SolutionConfigurationPlatforms) = preSolution
		Debug|Any CPU = Debug|Any CPU
		Release|Any CPU = Release|Any CPU
	EndGlobalSection
	GlobalSection(ProjectConfigurationPlatforms) = postSolution
		{D8D64E48-4D05-4CAE-A963-DC1CF71AA741}.Debug|Any CPU.ActiveCfg = Debug|Any CPU
		{D8D64E48-4D05-4CAE-A963-DC1CF71AA741}.Debug|Any CPU.Build.0 = Debug|Any CPU
		{D8D64E48-4D05-4CAE-A963-DC1CF71AA741}.Release|Any CPU.ActiveCfg = Release|Any CPU
		{D8D64E48-4D05-4CAE-A963-DC1CF71AA741}.Release|Any CPU.Build.0 = Release|Any CPU
	EndGlobalSection
	GlobalSection(SolutionProperties) = preSolution
		HideSolutionNode = FALSE
	EndGlobalSection
	GlobalSection(ExtensibilityGlobals) = postSolution
		SolutionGuid = {3CF168F5-E25E-41C8-8BDE-3C310C78EA93}
	EndGlobalSection
EndGlobal
